
Microsoft Visual Studio Solution File, Format Version 12.00
# Visual Studio Version 17
VisualStudioVersion = 17.6.33712.159
MinimumVisualStudioVersion = 10.0.40219.1
Project("{FAE04EC0-301F-11D3-BF4B-00C04F79EFBC}") = "NumToRom", "NumToRom\NumToRom.csproj", "{5E6EEC21-220B-45CB-8A2C-D4A7ED6B5117}"
EndProject
Project("{FAE04EC0-301F-11D3-BF4B-00C04F79EFBC}") = "NumToRom.Test", "NumToRom.Test\NumToRom.Test.csproj", "{BCB5524D-B7D5-429A-AE44-F5C1060A2CBD}"
EndProject
Global
	GlobalSection(SolutionConfigurationPlatforms) = preSolution
		Debug|Any CPU = Debug|Any CPU
		Release|Any CPU = Release|Any CPU
	EndGlobalSection
	GlobalSection(ProjectConfigurationPlatforms) = postSolution
		{5E6EEC21-220B-45CB-8A2C-D4A7ED6B5117}.Debug|Any CPU.ActiveCfg = Debug|Any CPU
		{5E6EEC21-220B-45CB-8A2C-D4A7ED6B5117}.Debug|Any CPU.Build.0 = Debug|Any CPU
		{5E6EEC21-220B-45CB-8A2C-D4A7ED6B5117}.Release|Any CPU.ActiveCfg = Release|Any CPU
		{5E6EEC21-220B-45CB-8A2C-D4A7ED6B5117}.Release|Any CPU.Build.0 = Release|Any CPU
		{BCB5524D-B7D5-429A-AE44-F5C1060A2CBD}.Debug|Any CPU.ActiveCfg = Debug|Any CPU
		{BCB5524D-B7D5-429A-AE44-F5C1060A2CBD}.Debug|Any CPU.Build.0 = Debug|Any CPU
		{BCB5524D-B7D5-429A-AE44-F5C1060A2CBD}.Release|Any CPU.ActiveCfg = Release|Any CPU
		{BCB5524D-B7D5-429A-AE44-F5C1060A2CBD}.Release|Any CPU.Build.0 = Release|Any CPU
	EndGlobalSection
	GlobalSection(SolutionProperties) = preSolution
		HideSolutionNode = FALSE
	EndGlobalSection
	GlobalSection(ExtensibilityGlobals) = postSolution
		SolutionGuid = {20D97FD8-FE00-4841-899D-F36B99B453C8}
	EndGlobalSection
EndGlobal
